// !$*UTF8*$!
{
	archiveVersion = 1;
	classes = {
	};
	objectVersion = 55;
	objects = {

/* Begin PBXBuildFile section */
		F603D0A728140D5C0035CB2B /* EmptyListView.swift in Sources */ = {isa = PBXBuildFile; fileRef = F603D0A628140D5C0035CB2B /* EmptyListView.swift */; };
		F603D0AC2814155C0035CB2B /* ThemeModel.swift in Sources */ = {isa = PBXBuildFile; fileRef = F603D0A92814155C0035CB2B /* ThemeModel.swift */; };
		F603D0AD2814155C0035CB2B /* ThemeSettings.swift in Sources */ = {isa = PBXBuildFile; fileRef = F603D0AA2814155C0035CB2B /* ThemeSettings.swift */; };
		F603D0AE2814155C0035CB2B /* ThemeData.swift in Sources */ = {isa = PBXBuildFile; fileRef = F603D0AB2814155C0035CB2B /* ThemeData.swift */; };
		F603D0BB281416220035CB2B /* Pink Dark.png in Resources */ = {isa = PBXBuildFile; fileRef = F603D0B2281416220035CB2B /* Pink Dark.png */; };
		F603D0BC281416220035CB2B /* Pink Light.png in Resources */ = {isa = PBXBuildFile; fileRef = F603D0B3281416220035CB2B /* Pink Light.png */; };
		F603D0BD281416220035CB2B /* Green Dark.png in Resources */ = {isa = PBXBuildFile; fileRef = F603D0B4281416220035CB2B /* Green Dark.png */; };
		F603D0BE281416220035CB2B /* Pink.png in Resources */ = {isa = PBXBuildFile; fileRef = F603D0B5281416220035CB2B /* Pink.png */; };
		F603D0BF281416220035CB2B /* Blue.png in Resources */ = {isa = PBXBuildFile; fileRef = F603D0B6281416220035CB2B /* Blue.png */; };
		F603D0C0281416220035CB2B /* Green Light.png in Resources */ = {isa = PBXBuildFile; fileRef = F603D0B7281416220035CB2B /* Green Light.png */; };
		F603D0C1281416220035CB2B /* Blue Light.png in Resources */ = {isa = PBXBuildFile; fileRef = F603D0B8281416220035CB2B /* Blue Light.png */; };
		F603D0C2281416220035CB2B /* Green.png in Resources */ = {isa = PBXBuildFile; fileRef = F603D0B9281416220035CB2B /* Green.png */; };
		F603D0C3281416220035CB2B /* Blue Dark.png in Resources */ = {isa = PBXBuildFile; fileRef = F603D0BA281416220035CB2B /* Blue Dark.png */; };
		F603D0C5281418B40035CB2B /* SettingsView.swift in Sources */ = {isa = PBXBuildFile; fileRef = F603D0C4281418B40035CB2B /* SettingsView.swift */; };
		F603D0C728141E630035CB2B /* FormRowStaticView.swift in Sources */ = {isa = PBXBuildFile; fileRef = F603D0C628141E630035CB2B /* FormRowStaticView.swift */; };
		F603D0C9281421180035CB2B /* FormRowLinkView.swift in Sources */ = {isa = PBXBuildFile; fileRef = F603D0C8281421180035CB2B /* FormRowLinkView.swift */; };
		F60725552813F0240094BAB9 /* Todo_AppApp.swift in Sources */ = {isa = PBXBuildFile; fileRef = F60725542813F0240094BAB9 /* Todo_AppApp.swift */; };
		F60725572813F0240094BAB9 /* ContentView.swift in Sources */ = {isa = PBXBuildFile; fileRef = F60725562813F0240094BAB9 /* ContentView.swift */; };
		F60725592813F0250094BAB9 /* Assets.xcassets in Resources */ = {isa = PBXBuildFile; fileRef = F60725582813F0250094BAB9 /* Assets.xcassets */; };
		F607255C2813F0250094BAB9 /* Preview Assets.xcassets in Resources */ = {isa = PBXBuildFile; fileRef = F607255B2813F0250094BAB9 /* Preview Assets.xcassets */; };
		F607255E2813F0250094BAB9 /* Persistence.swift in Sources */ = {isa = PBXBuildFile; fileRef = F607255D2813F0250094BAB9 /* Persistence.swift */; };
		F60725612813F0250094BAB9 /* Todo_App.xcdatamodeld in Sources */ = {isa = PBXBuildFile; fileRef = F607255F2813F0250094BAB9 /* Todo_App.xcdatamodeld */; };
		F60725692813F0670094BAB9 /* AddTodoView.swift in Sources */ = {isa = PBXBuildFile; fileRef = F60725682813F0670094BAB9 /* AddTodoView.swift */; };
/* End PBXBuildFile section */

/* Begin PBXFileReference section */
		F603D0A528140C300035CB2B /* Todo-App-Info.plist */ = {isa = PBXFileReference; lastKnownFileType = text.plist; path = "Todo-App-Info.plist"; sourceTree = SOURCE_ROOT; };
		F603D0A628140D5C0035CB2B /* EmptyListView.swift */ = {isa = PBXFileReference; lastKnownFileType = sourcecode.swift; path = EmptyListView.swift; sourceTree = "<group>"; };
		F603D0A92814155C0035CB2B /* ThemeModel.swift */ = {isa = PBXFileReference; fileEncoding = 4; lastKnownFileType = sourcecode.swift; path = ThemeModel.swift; sourceTree = "<group>"; };
		F603D0AA2814155C0035CB2B /* ThemeSettings.swift */ = {isa = PBXFileReference; fileEncoding = 4; lastKnownFileType = sourcecode.swift; path = ThemeSettings.swift; sourceTree = "<group>"; };
		F603D0AB2814155C0035CB2B /* ThemeData.swift */ = {isa = PBXFileReference; fileEncoding = 4; lastKnownFileType = sourcecode.swift; path = ThemeData.swift; sourceTree = "<group>"; };
		F603D0B2281416220035CB2B /* Pink Dark.png */ = {isa = PBXFileReference; lastKnownFileType = image.png; path = "Pink Dark.png"; sourceTree = "<group>"; };
		F603D0B3281416220035CB2B /* Pink Light.png */ = {isa = PBXFileReference; lastKnownFileType = image.png; path = "Pink Light.png"; sourceTree = "<group>"; };
		F603D0B4281416220035CB2B /* Green Dark.png */ = {isa = PBXFileReference; lastKnownFileType = image.png; path = "Green Dark.png"; sourceTree = "<group>"; };
		F603D0B5281416220035CB2B /* Pink.png */ = {isa = PBXFileReference; lastKnownFileType = image.png; path = Pink.png; sourceTree = "<group>"; };
		F603D0B6281416220035CB2B /* Blue.png */ = {isa = PBXFileReference; lastKnownFileType = image.png; path = Blue.png; sourceTree = "<group>"; };
		F603D0B7281416220035CB2B /* Green Light.png */ = {isa = PBXFileReference; lastKnownFileType = image.png; path = "Green Light.png"; sourceTree = "<group>"; };
		F603D0B8281416220035CB2B /* Blue Light.png */ = {isa = PBXFileReference; lastKnownFileType = image.png; path = "Blue Light.png"; sourceTree = "<group>"; };
		F603D0B9281416220035CB2B /* Green.png */ = {isa = PBXFileReference; lastKnownFileType = image.png; path = Green.png; sourceTree = "<group>"; };
		F603D0BA281416220035CB2B /* Blue Dark.png */ = {isa = PBXFileReference; lastKnownFileType = image.png; path = "Blue Dark.png"; sourceTree = "<group>"; };
		F603D0C4281418B40035CB2B /* SettingsView.swift */ = {isa = PBXFileReference; lastKnownFileType = sourcecode.swift; path = SettingsView.swift; sourceTree = "<group>"; };
		F603D0C628141E630035CB2B /* FormRowStaticView.swift */ = {isa = PBXFileReference; lastKnownFileType = sourcecode.swift; path = FormRowStaticView.swift; sourceTree = "<group>"; };
		F603D0C8281421180035CB2B /* FormRowLinkView.swift */ = {isa = PBXFileReference; lastKnownFileType = sourcecode.swift; path = FormRowLinkView.swift; sourceTree = "<group>"; };
		F60725512813F0240094BAB9 /* Todo App.app */ = {isa = PBXFileReference; explicitFileType = wrapper.application; includeInIndex = 0; path = "Todo App.app"; sourceTree = BUILT_PRODUCTS_DIR; };
		F60725542813F0240094BAB9 /* Todo_AppApp.swift */ = {isa = PBXFileReference; lastKnownFileType = sourcecode.swift; path = Todo_AppApp.swift; sourceTree = "<group>"; };
		F60725562813F0240094BAB9 /* ContentView.swift */ = {isa = PBXFileReference; lastKnownFileType = sourcecode.swift; path = ContentView.swift; sourceTree = "<group>"; };
		F60725582813F0250094BAB9 /* Assets.xcassets */ = {isa = PBXFileReference; lastKnownFileType = folder.assetcatalog; path = Assets.xcassets; sourceTree = "<group>"; };
		F607255B2813F0250094BAB9 /* Preview Assets.xcassets */ = {isa = PBXFileReference; lastKnownFileType = folder.assetcatalog; path = "Preview Assets.xcassets"; sourceTree = "<group>"; };
		F607255D2813F0250094BAB9 /* Persistence.swift */ = {isa = PBXFileReference; lastKnownFileType = sourcecode.swift; path = Persistence.swift; sourceTree = "<group>"; };
		F60725602813F0250094BAB9 /* Todo_App.xcdatamodel */ = {isa = PBXFileReference; lastKnownFileType = wrapper.xcdatamodel; path = Todo_App.xcdatamodel; sourceTree = "<group>"; };
		F60725682813F0670094BAB9 /* AddTodoView.swift */ = {isa = PBXFileReference; lastKnownFileType = sourcecode.swift; path = AddTodoView.swift; sourceTree = "<group>"; };
/* End PBXFileReference section */

/* Begin PBXFrameworksBuildPhase section */
		F607254E2813F0240094BAB9 /* Frameworks */ = {
			isa = PBXFrameworksBuildPhase;
			buildActionMask = 2147483647;
			files = (
			);
			runOnlyForDeploymentPostprocessing = 0;
		};
/* End PBXFrameworksBuildPhase section */

/* Begin PBXGroup section */
		F603D0A82814155C0035CB2B /* Theme */ = {
			isa = PBXGroup;
			children = (
				F603D0A92814155C0035CB2B /* ThemeModel.swift */,
				F603D0AA2814155C0035CB2B /* ThemeSettings.swift */,
				F603D0AB2814155C0035CB2B /* ThemeData.swift */,
			);
			path = Theme;
			sourceTree = "<group>";
		};
		F603D0B1281416220035CB2B /* Icons */ = {
			isa = PBXGroup;
			children = (
				F603D0B2281416220035CB2B /* Pink Dark.png */,
				F603D0B3281416220035CB2B /* Pink Light.png */,
				F603D0B4281416220035CB2B /* Green Dark.png */,
				F603D0B5281416220035CB2B /* Pink.png */,
				F603D0B6281416220035CB2B /* Blue.png */,
				F603D0B7281416220035CB2B /* Green Light.png */,
				F603D0B8281416220035CB2B /* Blue Light.png */,
				F603D0B9281416220035CB2B /* Green.png */,
				F603D0BA281416220035CB2B /* Blue Dark.png */,
			);
			path = Icons;
			sourceTree = "<group>";
		};
		F60725482813F0240094BAB9 = {
			isa = PBXGroup;
			children = (
				F60725532813F0240094BAB9 /* Todo App */,
				F60725522813F0240094BAB9 /* Products */,
			);
			sourceTree = "<group>";
		};
		F60725522813F0240094BAB9 /* Products */ = {
			isa = PBXGroup;
			children = (
				F60725512813F0240094BAB9 /* Todo App.app */,
			);
			name = Products;
			sourceTree = "<group>";
		};
		F60725532813F0240094BAB9 /* Todo App */ = {
			isa = PBXGroup;
			children = (
				F603D0A528140C300035CB2B /* Todo-App-Info.plist */,
				F603D0B1281416220035CB2B /* Icons */,
				F603D0A82814155C0035CB2B /* Theme */,
				F60725672813F04B0094BAB9 /* View */,
				F60725542813F0240094BAB9 /* Todo_AppApp.swift */,
				F60725582813F0250094BAB9 /* Assets.xcassets */,
				F607255D2813F0250094BAB9 /* Persistence.swift */,
				F607255F2813F0250094BAB9 /* Todo_App.xcdatamodeld */,
				F607255A2813F0250094BAB9 /* Preview Content */,
			);
			path = "Todo App";
			sourceTree = "<group>";
		};
		F607255A2813F0250094BAB9 /* Preview Content */ = {
			isa = PBXGroup;
			children = (
				F607255B2813F0250094BAB9 /* Preview Assets.xcassets */,
			);
			path = "Preview Content";
			sourceTree = "<group>";
		};
		F60725672813F04B0094BAB9 /* View */ = {
			isa = PBXGroup;
			children = (
				F60725562813F0240094BAB9 /* ContentView.swift */,
				F60725682813F0670094BAB9 /* AddTodoView.swift */,
				F603D0A628140D5C0035CB2B /* EmptyListView.swift */,
				F603D0C4281418B40035CB2B /* SettingsView.swift */,
				F603D0C628141E630035CB2B /* FormRowStaticView.swift */,
				F603D0C8281421180035CB2B /* FormRowLinkView.swift */,
			);
			path = View;
			sourceTree = "<group>";
		};
/* End PBXGroup section */

/* Begin PBXNativeTarget section */
		F60725502813F0240094BAB9 /* Todo App */ = {
			isa = PBXNativeTarget;
			buildConfigurationList = F60725642813F0250094BAB9 /* Build configuration list for PBXNativeTarget "Todo App" */;
			buildPhases = (
				F607254D2813F0240094BAB9 /* Sources */,
				F607254E2813F0240094BAB9 /* Frameworks */,
				F607254F2813F0240094BAB9 /* Resources */,
			);
			buildRules = (
			);
			dependencies = (
			);
			name = "Todo App";
			productName = "Todo App";
			productReference = F60725512813F0240094BAB9 /* Todo App.app */;
			productType = "com.apple.product-type.application";
		};
/* End PBXNativeTarget section */

/* Begin PBXProject section */
		F60725492813F0240094BAB9 /* Project object */ = {
			isa = PBXProject;
			attributes = {
				BuildIndependentTargetsInParallel = 1;
				LastSwiftUpdateCheck = 1320;
				LastUpgradeCheck = 1320;
				TargetAttributes = {
					F60725502813F0240094BAB9 = {
						CreatedOnToolsVersion = 13.2.1;
					};
				};
			};
			buildConfigurationList = F607254C2813F0240094BAB9 /* Build configuration list for PBXProject "Todo App" */;
			compatibilityVersion = "Xcode 13.0";
			developmentRegion = en;
			hasScannedForEncodings = 0;
			knownRegions = (
				en,
				Base,
			);
			mainGroup = F60725482813F0240094BAB9;
			productRefGroup = F60725522813F0240094BAB9 /* Products */;
			projectDirPath = "";
			projectRoot = "";
			targets = (
				F60725502813F0240094BAB9 /* Todo App */,
			);
		};
/* End PBXProject section */

/* Begin PBXResourcesBuildPhase section */
		F607254F2813F0240094BAB9 /* Resources */ = {
			isa = PBXResourcesBuildPhase;
			buildActionMask = 2147483647;
			files = (
				F603D0BB281416220035CB2B /* Pink Dark.png in Resources */,
				F603D0BD281416220035CB2B /* Green Dark.png in Resources */,
				F603D0C3281416220035CB2B /* Blue Dark.png in Resources */,
				F603D0BF281416220035CB2B /* Blue.png in Resources */,
				F603D0C0281416220035CB2B /* Green Light.png in Resources */,
				F607255C2813F0250094BAB9 /* Preview Assets.xcassets in Resources */,
				F603D0BE281416220035CB2B /* Pink.png in Resources */,
				F603D0C1281416220035CB2B /* Blue Light.png in Resources */,
				F60725592813F0250094BAB9 /* Assets.xcassets in Resources */,
				F603D0BC281416220035CB2B /* Pink Light.png in Resources */,
				F603D0C2281416220035CB2B /* Green.png in Resources */,
			);
			runOnlyForDeploymentPostprocessing = 0;
		};
/* End PBXResourcesBuildPhase section */

/* Begin PBXSourcesBuildPhase section */
		F607254D2813F0240094BAB9 /* Sources */ = {
			isa = PBXSourcesBuildPhase;
			buildActionMask = 2147483647;
			files = (
				F603D0AC2814155C0035CB2B /* ThemeModel.swift in Sources */,
				F603D0C728141E630035CB2B /* FormRowStaticView.swift in Sources */,
				F607255E2813F0250094BAB9 /* Persistence.swift in Sources */,
				F603D0AD2814155C0035CB2B /* ThemeSettings.swift in Sources */,
				F603D0C9281421180035CB2B /* FormRowLinkView.swift in Sources */,
				F60725572813F0240094BAB9 /* ContentView.swift in Sources */,
				F603D0A728140D5C0035CB2B /* EmptyListView.swift in Sources */,
				F60725552813F0240094BAB9 /* Todo_AppApp.swift in Sources */,
				F603D0AE2814155C0035CB2B /* ThemeData.swift in Sources */,
				F60725612813F0250094BAB9 /* Todo_App.xcdatamodeld in Sources */,
				F60725692813F0670094BAB9 /* AddTodoView.swift in Sources */,
				F603D0C5281418B40035CB2B /* SettingsView.swift in Sources */,
			);
			runOnlyForDeploymentPostprocessing = 0;
		};
/* End PBXSourcesBuildPhase section */

/* Begin XCBuildConfiguration section */
		F60725622813F0250094BAB9 /* Debug */ = {
			isa = XCBuildConfiguration;
			buildSettings = {
				ALWAYS_SEARCH_USER_PATHS = NO;
				CLANG_ANALYZER_NONNULL = YES;
				CLANG_ANALYZER_NUMBER_OBJECT_CONVERSION = YES_AGGRESSIVE;
				CLANG_CXX_LANGUAGE_STANDARD = "gnu++17";
				CLANG_CXX_LIBRARY = "libc++";
				CLANG_ENABLE_MODULES = YES;
				CLANG_ENABLE_OBJC_ARC = YES;
				CLANG_ENABLE_OBJC_WEAK = YES;
				CLANG_WARN_BLOCK_CAPTURE_AUTORELEASING = YES;
				CLANG_WARN_BOOL_CONVERSION = YES;
				CLANG_WARN_COMMA = YES;
				CLANG_WARN_CONSTANT_CONVERSION = YES;
				CLANG_WARN_DEPRECATED_OBJC_IMPLEMENTATIONS = YES;
				CLANG_WARN_DIRECT_OBJC_ISA_USAGE = YES_ERROR;
				CLANG_WARN_DOCUMENTATION_COMMENTS = YES;
				CLANG_WARN_EMPTY_BODY = YES;
				CLANG_WARN_ENUM_CONVERSION = YES;
				CLANG_WARN_INFINITE_RECURSION = YES;
				CLANG_WARN_INT_CONVERSION = YES;
				CLANG_WARN_NON_LITERAL_NULL_CONVERSION = YES;
				CLANG_WARN_OBJC_IMPLICIT_RETAIN_SELF = YES;
				CLANG_WARN_OBJC_LITERAL_CONVERSION = YES;
				CLANG_WARN_OBJC_ROOT_CLASS = YES_ERROR;
				CLANG_WARN_QUOTED_INCLUDE_IN_FRAMEWORK_HEADER = YES;
				CLANG_WARN_RANGE_LOOP_ANALYSIS = YES;
				CLANG_WARN_STRICT_PROTOTYPES = YES;
				CLANG_WARN_SUSPICIOUS_MOVE = YES;
				CLANG_WARN_UNGUARDED_AVAILABILITY = YES_AGGRESSIVE;
				CLANG_WARN_UNREACHABLE_CODE = YES;
				CLANG_WARN__DUPLICATE_METHOD_MATCH = YES;
				COPY_PHASE_STRIP = NO;
				DEBUG_INFORMATION_FORMAT = dwarf;
				ENABLE_STRICT_OBJC_MSGSEND = YES;
				ENABLE_TESTABILITY = YES;
				GCC_C_LANGUAGE_STANDARD = gnu11;
				GCC_DYNAMIC_NO_PIC = NO;
				GCC_NO_COMMON_BLOCKS = YES;
				GCC_OPTIMIZATION_LEVEL = 0;
				GCC_PREPROCESSOR_DEFINITIONS = (
					"DEBUG=1",
					"$(inherited)",
				);
				GCC_WARN_64_TO_32_BIT_CONVERSION = YES;
				GCC_WARN_ABOUT_RETURN_TYPE = YES_ERROR;
				GCC_WARN_UNDECLARED_SELECTOR = YES;
				GCC_WARN_UNINITIALIZED_AUTOS = YES_AGGRESSIVE;
				GCC_WARN_UNUSED_FUNCTION = YES;
				GCC_WARN_UNUSED_VARIABLE = YES;
				IPHONEOS_DEPLOYMENT_TARGET = 15.2;
				MTL_ENABLE_DEBUG_INFO = INCLUDE_SOURCE;
				MTL_FAST_MATH = YES;
				ONLY_ACTIVE_ARCH = YES;
				SDKROOT = iphoneos;
				SWIFT_ACTIVE_COMPILATION_CONDITIONS = DEBUG;
				SWIFT_OPTIMIZATION_LEVEL = "-Onone";
			};
			name = Debug;
		};
		F60725632813F0250094BAB9 /* Release */ = {
			isa = XCBuildConfiguration;
			buildSettings = {
				ALWAYS_SEARCH_USER_PATHS = NO;
				CLANG_ANALYZER_NONNULL = YES;
				CLANG_ANALYZER_NUMBER_OBJECT_CONVERSION = YES_AGGRESSIVE;
				CLANG_CXX_LANGUAGE_STANDARD = "gnu++17";
				CLANG_CXX_LIBRARY = "libc++";
				CLANG_ENABLE_MODULES = YES;
				CLANG_ENABLE_OBJC_ARC = YES;
				CLANG_ENABLE_OBJC_WEAK = YES;
				CLANG_WARN_BLOCK_CAPTURE_AUTORELEASING = YES;
				CLANG_WARN_BOOL_CONVERSION = YES;
				CLANG_WARN_COMMA = YES;
				CLANG_WARN_CONSTANT_CONVERSION = YES;
				CLANG_WARN_DEPRECATED_OBJC_IMPLEMENTATIONS = YES;
				CLANG_WARN_DIRECT_OBJC_ISA_USAGE = YES_ERROR;
				CLANG_WARN_DOCUMENTATION_COMMENTS = YES;
				CLANG_WARN_EMPTY_BODY = YES;
				CLANG_WARN_ENUM_CONVERSION = YES;
				CLANG_WARN_INFINITE_RECURSION = YES;
				CLANG_WARN_INT_CONVERSION = YES;
				CLANG_WARN_NON_LITERAL_NULL_CONVERSION = YES;
				CLANG_WARN_OBJC_IMPLICIT_RETAIN_SELF = YES;
				CLANG_WARN_OBJC_LITERAL_CONVERSION = YES;
				CLANG_WARN_OBJC_ROOT_CLASS = YES_ERROR;
				CLANG_WARN_QUOTED_INCLUDE_IN_FRAMEWORK_HEADER = YES;
				CLANG_WARN_RANGE_LOOP_ANALYSIS = YES;
				CLANG_WARN_STRICT_PROTOTYPES = YES;
				CLANG_WARN_SUSPICIOUS_MOVE = YES;
				CLANG_WARN_UNGUARDED_AVAILABILITY = YES_AGGRESSIVE;
				CLANG_WARN_UNREACHABLE_CODE = YES;
				CLANG_WARN__DUPLICATE_METHOD_MATCH = YES;
				COPY_PHASE_STRIP = NO;
				DEBUG_INFORMATION_FORMAT = "dwarf-with-dsym";
				ENABLE_NS_ASSERTIONS = NO;
				ENABLE_STRICT_OBJC_MSGSEND = YES;
				GCC_C_LANGUAGE_STANDARD = gnu11;
				GCC_NO_COMMON_BLOCKS = YES;
				GCC_WARN_64_TO_32_BIT_CONVERSION = YES;
				GCC_WARN_ABOUT_RETURN_TYPE = YES_ERROR;
				GCC_WARN_UNDECLARED_SELECTOR = YES;
				GCC_WARN_UNINITIALIZED_AUTOS = YES_AGGRESSIVE;
				GCC_WARN_UNUSED_FUNCTION = YES;
				GCC_WARN_UNUSED_VARIABLE = YES;
				IPHONEOS_DEPLOYMENT_TARGET = 15.2;
				MTL_ENABLE_DEBUG_INFO = NO;
				MTL_FAST_MATH = YES;
				SDKROOT = iphoneos;
				SWIFT_COMPILATION_MODE = wholemodule;
				SWIFT_OPTIMIZATION_LEVEL = "-O";
				VALIDATE_PRODUCT = YES;
			};
			name = Release;
		};
		F60725652813F0250094BAB9 /* Debug */ = {
			isa = XCBuildConfiguration;
			buildSettings = {
				ASSETCATALOG_COMPILER_APPICON_NAME = AppIcon;
				ASSETCATALOG_COMPILER_GLOBAL_ACCENT_COLOR_NAME = AccentColor;
				CODE_SIGN_STYLE = Automatic;
				CURRENT_PROJECT_VERSION = 1;
				DEVELOPMENT_ASSET_PATHS = "\"Todo App/Preview Content\"";
				ENABLE_PREVIEWS = YES;
				GENERATE_INFOPLIST_FILE = YES;
				INFOPLIST_FILE = "Todo-App-Info.plist";
				INFOPLIST_KEY_UIApplicationSceneManifest_Generation = YES;
				INFOPLIST_KEY_UIApplicationSupportsIndirectInputEvents = YES;
				INFOPLIST_KEY_UISupportedInterfaceOrientations_iPad = "UIInterfaceOrientationPortrait UIInterfaceOrientationPortraitUpsideDown UIInterfaceOrientationLandscapeLeft UIInterfaceOrientationLandscapeRight";
				INFOPLIST_KEY_UISupportedInterfaceOrientations_iPhone = "UIInterfaceOrientationPortrait UIInterfaceOrientationLandscapeLeft UIInterfaceOrientationLandscapeRight";
				LD_RUNPATH_SEARCH_PATHS = (
					"$(inherited)",
					"@executable_path/Frameworks",
				);
				MARKETING_VERSION = 1.0;
				PRODUCT_BUNDLE_IDENTIFIER = "metinatalay.Todo-App";
				PRODUCT_NAME = "$(TARGET_NAME)";
				SWIFT_EMIT_LOC_STRINGS = YES;
				SWIFT_VERSION = 5.0;
				TARGETED_DEVICE_FAMILY = "1,2";
			};
			name = Debug;
		};
		F60725662813F0250094BAB9 /* Release */ = {
			isa = XCBuildConfiguration;
			buildSettings = {
				ASSETCATALOG_COMPILER_APPICON_NAME = AppIcon;
				ASSETCATALOG_COMPILER_GLOBAL_ACCENT_COLOR_NAME = AccentColor;
				CODE_SIGN_STYLE = Automatic;
				CURRENT_PROJECT_VERSION = 1;
				DEVELOPMENT_ASSET_PATHS = "\"Todo App/Preview Content\"";
				ENABLE_PREVIEWS = YES;
				GENERATE_INFOPLIST_FILE = YES;
				INFOPLIST_FILE = "Todo-App-Info.plist";
				INFOPLIST_KEY_UIApplicationSceneManifest_Generation = YES;
				INFOPLIST_KEY_UIApplicationSupportsIndirectInputEvents = YES;
				INFOPLIST_KEY_UISupportedInterfaceOrientations_iPad = "UIInterfaceOrientationPortrait UIInterfaceOrientationPortraitUpsideDown UIInterfaceOrientationLandscapeLeft UIInterfaceOrientationLandscapeRight";
				INFOPLIST_KEY_UISupportedInterfaceOrientations_iPhone = "UIInterfaceOrientationPortrait UIInterfaceOrientationLandscapeLeft UIInterfaceOrientationLandscapeRight";
				LD_RUNPATH_SEARCH_PATHS = (
					"$(inherited)",
					"@executable_path/Frameworks",
				);
				MARKETING_VERSION = 1.0;
				PRODUCT_BUNDLE_IDENTIFIER = "metinatalay.Todo-App";
				PRODUCT_NAME = "$(TARGET_NAME)";
				SWIFT_EMIT_LOC_STRINGS = YES;
				SWIFT_VERSION = 5.0;
				TARGETED_DEVICE_FAMILY = "1,2";
			};
			name = Release;
		};
/* End XCBuildConfiguration section */

/* Begin XCConfigurationList section */
		F607254C2813F0240094BAB9 /* Build configuration list for PBXProject "Todo App" */ = {
			isa = XCConfigurationList;
			buildConfigurations = (
				F60725622813F0250094BAB9 /* Debug */,
				F60725632813F0250094BAB9 /* Release */,
			);
			defaultConfigurationIsVisible = 0;
			defaultConfigurationName = Release;
		};
		F60725642813F0250094BAB9 /* Build configuration list for PBXNativeTarget "Todo App" */ = {
			isa = XCConfigurationList;
			buildConfigurations = (
				F60725652813F0250094BAB9 /* Debug */,
				F60725662813F0250094BAB9 /* Release */,
			);
			defaultConfigurationIsVisible = 0;
			defaultConfigurationName = Release;
		};
/* End XCConfigurationList section */

/* Begin XCVersionGroup section */
		F607255F2813F0250094BAB9 /* Todo_App.xcdatamodeld */ = {
			isa = XCVersionGroup;
			children = (
				F60725602813F0250094BAB9 /* Todo_App.xcdatamodel */,
			);
			currentVersion = F60725602813F0250094BAB9 /* Todo_App.xcdatamodel */;
			path = Todo_App.xcdatamodeld;
			sourceTree = "<group>";
			versionGroupType = wrapper.xcdatamodel;
		};
/* End XCVersionGroup section */
	};
	rootObject = F60725492813F0240094BAB9 /* Project object */;
}
